{
  "name": "admin",
  "version": "0.0.0",
  "lockfileVersion": 3,
  "requires": true,
  "packages": {
    "": {
      "name": "admin",
      "version": "0.0.0",
      "dependencies": {
        "@supabase/supabase-js": "^2.110.1",
        "lucide-react": "^0.545.0",
        "react": "^19.2.8",
        "react-dom": "^19.2.8",
        "recharts": "^2.15.4"
      },
      "devDependencies": {
        "@eslint/js": "^10.0.1",
        "@types/node": "^24.13.3",
        "@types/react": "^19.2.18",
        "@types/react-dom": "^19.2.7",
        "@vitejs/plugin-react": "^6.1.1",
        "eslint": "^10.10.0",
        "eslint-plugin-react-hooks": "^7.1.1",
        "eslint-plugin-react-refresh": "^0.5.6",
        "globals": "^17.12.0",
        "typescript": "~6.0.2",
        "typescript-eslint": "^8.69.0",
        "vite": "^8.3.0"
      }
    },
    "../../node_modules/.pnpm/@eslint+js@10.0.1_eslint@10.11.0_jiti@2.7.0_/node_modules/@eslint/js": {
      "version": "10.0.1",
      "dev": true,
      "license": "MIT",
      "engines": {
        "node": "^20.19.0 || ^22.13.0 || >=24"
      },
      "funding": {
        "url": "https://eslint.org/donate"
      },
      "peerDependencies": {
        "eslint": "^10.0.0"
      },
      "peerDependenciesMeta": {
        "eslint": {
          "optional": true
        }
      }
    },
    "../../node_modules/.pnpm/@supabase+supabase-js@2.110.1/node_modules/@supabase/supabase-js": {
      "version": "2.110.1",
      "license": "MIT",
      "dependencies": {
        "@supabase/auth-js": "2.110.1",
        "@supabase/functions-js": "2.110.1",
        "@supabase/postgrest-js": "2.110.1",
        "@supabase/realtime-js": "2.110.1",
        "@supabase/storage-js": "2.110.1"
      },
      "devDependencies": {
        "@arethetypeswrong/cli": "^0.18.2",
        "@jest/globals": "^30.0.0",
        "@jest/types": "^30.0.0",
        "@supabase/tracing": "0.0.0-automated",
        "@types/jest": "30.0.0",
        "@types/jsonwebtoken": "^8.5.8",
        "@types/node": "20.19.9",
        "jest": "30.4.2",
        "jsonwebtoken": "^9.0.0",
        "jsr": "^0.13.5",
        "puppeteer": "^24.9.0",
        "ts-jest": "^29.4.9",
        "tsd": "^0.33.0",
        "tsdown": "^0.18.0",
        "typedoc": "^0.27.9",
        "typescript": "~5.8.3"
      },
      "engines": {
        "node": ">=22.0.0"
      }
    },
    "../../node_modules/.pnpm/@types+node@24.13.6/node_modules/@types/node": {
      "version": "24.13.6",
      "dev": true,
      "license": "MIT",
      "dependencies": {
        "undici-types": "~7.18.0"
      }
    },
    "../../node_modules/.pnpm/@types+react-dom@19.2.7_@types+react@19.2.18/node_modules/@types/react-dom": {
      "version": "19.2.7",
      "dev": true,
      "license": "MIT",
      "peerDependencies": {
        "@types/react": "^19.2.0"
      }
    },
    "../../node_modules/.pnpm/@types+react@19.2.18/node_modules/@types/react": {
      "version": "19.2.18",
      "dev": true,
      "license": "MIT",
      "dependencies": {
        "csstype": "^3.2.2"
      }
    },
    "../../node_modules/.pnpm/@vitejs+plugin-react@6.1.1_babel-plugin-react-compiler@1.0.0_vite@8.3.0_@types+node@24._88b7dd41eb8335e782965f8fb6af55e8/node_modules/@vitejs/plugin-react": {
      "version": "6.1.1",
      "dev": true,
      "license": "MIT",
      "dependencies": {
        "@rolldown/pluginutils": "^1.0.1"
      },
      "devDependencies": {
        "@babel/core": "8.0.1",
        "@rolldown/plugin-babel": "^0.2.3",
        "@vitejs/react-common": "workspace:*",
        "babel-plugin-react-compiler": "^1.0.0",
        "oxc-transform-react": "^0.147.0",
        "react": "^19.2.8",
        "react-dom": "^19.2.8",
        "rolldown": "^1.2.6",
        "tsdown": "^0.22.14",
        "vite": "^8.2.2"
      },
      "engines": {
        "node": "^20.19.0 || >=22.12.0"
      },
      "peerDependencies": {
        "@rolldown/plugin-babel": "^0.1.7 || ^0.2.0",
        "babel-plugin-react-compiler": "^1.0.0",
        "oxc-transform-react": "^0.145.0",
        "vite": "^8.0.0"
      },
      "peerDependenciesMeta": {
        "@rolldown/plugin-babel": {
          "optional": true
        },
        "babel-plugin-react-compiler": {
          "optional": true
        },
        "oxc-transform-react": {
          "optional": true
        }
      }
    },
    "../../node_modules/.pnpm/eslint-plugin-react-hooks@7.1.1_eslint@10.11.0_jiti@2.7.0_/node_modules/eslint-plugin-react-hooks": {
      "version": "7.1.1",
      "dev": true,
      "license": "MIT",
      "dependencies": {
        "@babel/core": "^7.24.4",
        "@babel/parser": "^7.24.4",
        "hermes-parser": "^0.25.1",
        "zod": "^3.25.0 || ^4.0.0",
        "zod-validation-error": "^3.5.0 || ^4.0.0"
      },
      "devDependencies": {
        "@babel/eslint-parser": "^7.11.4",
        "@babel/preset-typescript": "^7.26.0",
        "@babel/types": "^7.19.0",
        "@tsconfig/strictest": "^2.0.5",
        "@types/eslint": "^9.6.1",
        "@types/estree": "^1.0.6",
        "@types/estree-jsx": "^1.0.5",
        "@types/node": "^20.2.5",
        "@typescript-eslint/parser-v2": "npm:@typescript-eslint/parser@^2.26.0",
        "@typescript-eslint/parser-v3": "npm:@typescript-eslint/parser@^3.10.0",
        "@typescript-eslint/parser-v4": "npm:@typescript-eslint/parser@^4.1.0",
        "@typescript-eslint/parser-v5": "npm:@typescript-eslint/parser@^5.62.0",
        "babel-eslint": "^10.0.3",
        "eslint-v7": "npm:eslint@^7.7.0",
        "eslint-v8": "npm:eslint@^8.57.1",
        "eslint-v9": "npm:eslint@^9.0.0",
        "jest": "^29.5.0",
        "typescript": "^5.4.3"
      },
      "engines": {
        "node": ">=18"
      },
      "peerDependencies": {
        "eslint": "^3.0.0 || ^4.0.0 || ^5.0.0 || ^6.0.0 || ^7.0.0 || ^8.0.0-0 || ^9.0.0 || ^10.0.0"
      }
    },
    "../../node_modules/.pnpm/eslint-plugin-react-refresh@0.5.7_eslint@10.11.0_jiti@2.7.0_/node_modules/eslint-plugin-react-refresh": {
      "version": "0.5.7",
      "dev": true,
      "license": "MIT",
      "peerDependencies": {
        "eslint": "^9 || ^10"
      }
    },
    "../../node_modules/.pnpm/eslint@10.11.0_jiti@2.7.0/node_modules/eslint": {
      "version": "10.11.0",
      "dev": true,
      "license": "MIT",
      "workspaces": [
        "packages/*"
      ],
      "dependencies": {
        "@eslint-community/eslint-utils": "^4.8.0",
        "@eslint-community/regexpp": "^4.12.2",
        "@eslint/config-array": "^0.23.5",
        "@eslint/config-helpers": "^0.7.0",
        "@eslint/core": "^1.2.1",
        "@eslint/plugin-kit": "^0.7.3",
        "@humanfs/node": "^0.16.6",
        "@humanwhocodes/module-importer": "^1.0.1",
        "@humanwhocodes/retry": "^0.4.2",
        "@types/estree": "^1.0.6",
        "ajv": "^6.14.0",
        "cross-spawn": "^7.0.6",
        "debug": "^4.3.2",
        "escape-string-regexp": "^4.0.0",
        "eslint-scope": "^9.1.2",
        "eslint-visitor-keys": "^5.0.1",
        "espree": "^11.2.0",
        "esquery": "^1.7.0",
        "esutils": "^2.0.2",
        "fast-deep-equal": "^3.1.3",
        "file-entry-cache": "11.1.5 || >11.1.6 <12",
        "find-up": "^5.0.0",
        "glob-parent": "^6.0.2",
        "ignore": "^5.2.0",
        "imurmurhash": "^0.1.4",
        "is-glob": "^4.0.0",
        "json-stable-stringify-without-jsonify": "^1.0.1",
        "minimatch": "^10.2.5",
        "natural-compare": "^1.4.0",
        "optionator": "^0.9.3"
      },
      "bin": {
        "eslint": "bin/eslint.js"
      },
      "devDependencies": {
        "@arethetypeswrong/cli": "^0.18.3",
        "@babel/core": "^7.4.3",
        "@babel/preset-env": "^7.4.3",
        "@cypress/webpack-preprocessor": "^6.0.2",
        "@eslint/eslintrc": "^3.3.7",
        "@eslint/json": "^2.1.0",
        "@types/esquery": "^1.5.4",
        "@types/node": "^22.13.14",
        "@typescript-eslint/parser": "^8.58.2",
        "babel-loader": "^8.0.5",
        "c8": "^11.0.0",
        "chai": "^4.0.1",
        "cheerio": "^0.22.0",
        "common-tags": "^1.8.0",
        "core-js": "^3.1.3",
        "cypress": "^14.1.0",
        "ejs": "^3.0.2",
        "eslint": "file:.",
        "eslint-config-eslint": "file:packages/eslint-config-eslint",
        "eslint-plugin-eslint-plugin": "^7.3.2",
        "eslint-plugin-expect-type": "^0.6.0",
        "eslint-plugin-yml": "^1.14.0",
        "eslint-release": "^3.3.0",
        "eslint-rule-extender": "^0.0.1",
        "eslump": "^3.0.0",
        "esprima": "^4.0.1",
        "fs-teardown": "^0.1.3",
        "glob": "^10.0.0",
        "globals": "^16.2.0",
        "got": "^11.8.3",
        "gray-matter": "^4.0.3",
        "jiti": "^2.6.1",
        "knip": "^6.13.1",
        "lint-staged": "^11.0.0",
        "markdown-it": "^14.2.0",
        "markdown-it-container": "^4.0.0",
        "markdownlint-cli2": "^0.22.0",
        "marked": "^4.0.8",
        "metascraper": "^5.25.7",
        "metascraper-description": "^5.25.7",
        "metascraper-image": "^5.29.3",
        "metascraper-logo": "^5.25.7",
        "metascraper-logo-favicon": "^5.25.7",
        "metascraper-title": "^5.25.7",
        "mocha": "^11.7.1",
        "node-polyfill-webpack-plugin": "^1.0.3",
        "npm-license": "^0.3.3",
        "prettier": "3.9.6",
        "progress": "^2.0.3",
        "proxyquire": "^2.0.1",
        "regenerator-runtime": "^0.14.0",
        "semver": "^7.5.3",
        "shelljs": "^0.10.0",
        "sinon": "^11.0.0",
        "typescript": "^6.0.3",
        "webpack": "^5.109.2",
        "webpack-cli": "^4.5.0",
        "yorkie": "^2.0.0"
      },
      "engines": {
        "node": "^20.19.0 || ^22.13.0 || >=24"
      },
      "funding": {
        "url": "https://eslint.org/donate"
      },
      "peerDependencies": {
        "jiti": "*"
      },
      "peerDependenciesMeta": {
        "jiti": {
          "optional": true
        }
      }
    },
    "../../node_modules/.pnpm/globals@17.12.0/node_modules/globals": {
      "version": "17.12.0",
      "dev": true,
      "license": "MIT",
      "devDependencies": {
        "@vitest/eslint-plugin": "^1.1.44",
        "ava": "^6.3.0",
        "cheerio": "^1.0.0",
        "eslint-plugin-jest": "^28.11.0",
        "get-port": "^7.1.0",
        "is-identifier": "^1.0.1",
        "nano-spawn": "^0.2.0",
        "npm-run-all2": "^8.0.1",
        "outdent": "^0.8.0",
        "puppeteer": "^25.9.0",
        "shelljs": "^0.9.2",
        "tsd": "^0.32.0",
        "type-fest": "^4.41.0",
        "xo": "^0.60.0"
      },
      "engines": {
        "node": ">=18"
      },
      "funding": {
        "url": "https://github.com/sponsors/sindresorhus"
      }
    },
    "../../node_modules/.pnpm/lucide-react@0.545.0_react@19.3.0/node_modules/lucide-react": {
      "version": "0.545.0",
      "license": "ISC",
      "devDependencies": {
        "@lucide/build-icons": "1.1.0",
        "@lucide/rollup-plugins": "1.0.0",
        "@lucide/shared": "1.0.0",
        "@testing-library/jest-dom": "^6.1.6",
        "@testing-library/react": "^14.1.2",
        "@types/react": "^18.2.37",
        "@vitejs/plugin-react": "^4.4.1",
        "jest-serializer-html": "^7.1.0",
        "react": "18.2.0",
        "react-dom": "18.2.0",
        "rollup": "^4.22.4",
        "rollup-plugin-dts": "^6.1.0",
        "rollup-plugin-preserve-directives": "^0.4.0",
        "typescript": "^5.8.3",
        "vite": "^6.3.6",
        "vitest": "^3.1.3"
      },
      "peerDependencies": {
        "react": "^16.5.1 || ^17.0.0 || ^18.0.0 || ^19.0.0"
      }
    },
    "../../node_modules/.pnpm/react-dom@19.3.0_react@19.3.0/node_modules/react-dom": {
      "version": "19.3.0",
      "license": "MIT",
      "dependencies": {
        "scheduler": "^0.28.0"
      },
      "peerDependencies": {
        "react": "^19.3.0"
      }
    },
    "../../node_modules/.pnpm/react@19.3.0/node_modules/react": {
      "version": "19.3.0",
      "license": "MIT",
      "engines": {
        "node": ">=0.10.0"
      }
    },
    "../../node_modules/.pnpm/recharts@2.15.4_react-dom@19.3.0_react@19.3.0__react@19.3.0/node_modules/recharts": {
      "version": "2.15.4",
      "license": "MIT",
      "dependencies": {
        "clsx": "^2.0.0",
        "eventemitter3": "^4.0.1",
        "lodash": "^4.17.21",
        "react-is": "^18.3.1",
        "react-smooth": "^4.0.4",
        "recharts-scale": "^0.4.4",
        "tiny-invariant": "^1.3.1",
        "victory-vendor": "^36.6.8"
      },
      "devDependencies": {
        "@babel/cli": "^7.23.0",
        "@babel/core": "^7.23.2",
        "@babel/plugin-proposal-export-default-from": "^7.22.17",
        "@babel/plugin-proposal-function-bind": "^7.22.5",
        "@babel/plugin-transform-runtime": "^7.23.2",
        "@babel/preset-env": "^7.23.2",
        "@babel/preset-react": "^7.22.15",
        "@babel/preset-typescript": "^7.23.2",
        "@babel/runtime": "^7.27.6",
        "@storybook/addon-a11y": "^8.1.2",
        "@storybook/addon-docs": "^8.1.2",
        "@storybook/addon-essentials": "^8.1.2",
        "@storybook/addon-interactions": "^8.1.2",
        "@storybook/addon-links": "^8.1.2",
        "@storybook/addon-mdx-gfm": "^8.1.2",
        "@storybook/addon-storysource": "^8.1.2",
        "@storybook/addon-webpack5-compiler-swc": "^1.0.2",
        "@storybook/manager-api": "^8.1.2",
        "@storybook/react": "^8.1.2",
        "@storybook/react-webpack5": "^8.1.2",
        "@storybook/source-loader": "^8.1.2",
        "@storybook/test-runner": "^0.18.0",
        "@storybook/theming": "^8.1.2",
        "@testing-library/jest-dom": "^6.4.5",
        "@testing-library/react": "^15.0.7",
        "@testing-library/user-event": "^14.5.2",
        "@types/d3-interpolate": "^3.0.1",
        "@types/d3-shape": "^3.1.0",
        "@types/d3-time-format": "^4.0.0",
        "@types/lodash": "^4.14.144",
        "@types/node": "^14.18.34",
        "@types/react": "^18.3.3",
        "@types/react-dom": "^18.3.0",
        "@types/react-is": "^18.3.0",
        "@types/react-router-dom": "^5.1.7",
        "@typescript-eslint/eslint-plugin": "^4.33.0",
        "@typescript-eslint/parser": "^4.33.0",
        "@vitejs/plugin-react": "^4.0.4",
        "@vitest/coverage-v8": "^0.34.6",
        "babel-loader": "^9.1.3",
        "babel-plugin-dev-expression": "^0.2.3",
        "babel-plugin-lodash": "^3.3.4",
        "browserslist": "^4.21.0",
        "chromatic": "^11.4.0",
        "concurrently": "^7.6.0",
        "cross-env": "^7.0.3",
        "d3-scale-chromatic": "^3.0.0",
        "d3-time": "^3.1.0",
        "d3-time-format": "^4.1.0",
        "eslint": "^7.32.0",
        "eslint-config-airbnb": "^18.2.1",
        "eslint-config-prettier": "^7.2.0",
        "eslint-plugin-import": "^2.26.0",
        "eslint-plugin-jsx-a11y": "^6.6.1",
        "eslint-plugin-prettier": "^3.1.2",
        "eslint-plugin-react": "^7.31.11",
        "eslint-plugin-react-hooks": "^4.6.0",
        "eslint-plugin-storybook": "^0.6.15",
        "husky": "^8.0.2",
        "jsdom": "^22.1.0",
        "lint-staged": "^13.2.2",
        "prettier": "^2.2.1",
        "react": "^18.3.1",
        "react-dom": "^18.3.1",
        "react-router-dom": "^5.1.2",
        "rimraf": "^3.0.2",
        "storybook": "^8.1.2",
        "terser-webpack-plugin": "^5.1.1",
        "ts-loader": "^8.0.12",
        "typescript": "4.9.5",
        "update-browserslist-db": "^1.0.10",
        "vitest": "^0.34.5",
        "vitest-axe": "^0.1.0",
        "webpack": "^5.65.0",
        "webpack-bundle-analyzer": "^4.4.0",
        "webpack-cli": "^4.9.0",
        "webpack-dev-server": "^4.6.0"
      },
      "engines": {
        "node": ">=14"
      },
      "peerDependencies": {
        "react": "^16.0.0 || ^17.0.0 || ^18.0.0 || ^19.0.0",
        "react-dom": "^16.0.0 || ^17.0.0 || ^18.0.0 || ^19.0.0"
      }
    },
    "../../node_modules/.pnpm/typescript-eslint@8.70.0_eslint@10.11.0_jiti@2.7.0__typescript@6.0.3/node_modules/typescript-eslint": {
      "version": "8.70.0",
      "dev": true,
      "license": "MIT",
      "dependencies": {
        "@typescript-eslint/eslint-plugin": "8.70.0",
        "@typescript-eslint/parser": "8.70.0",
        "@typescript-eslint/typescript-estree": "8.70.0",
        "@typescript-eslint/utils": "8.70.0"
      },
      "devDependencies": {
        "@typescript/native": "npm:typescript@^7.0.2",
        "@vitest/coverage-v8": "^4.0.18",
        "eslint": "^10.0.0",
        "minimatch": "*",
        "rimraf": "^5.0.10",
        "typescript": ">=4.8.4 <6.1.0",
        "vitest": "^4.0.18"
      },
      "engines": {
        "node": "^18.18.0 || ^20.9.0 || >=21.1.0"
      },
      "funding": {
        "type": "opencollective",
        "url": "https://opencollective.com/typescript-eslint"
      },
      "peerDependencies": {
        "eslint": "^8.57.0 || ^9.0.0 || ^10.0.0",
        "typescript": ">=4.8.4 <6.1.0"
      }
    },
    "../../node_modules/.pnpm/typescript@6.0.3/node_modules/typescript": {
      "version": "6.0.3",
      "dev": true,
      "license": "Apache-2.0",
      "bin": {
        "tsc": "bin/tsc",
        "tsserver": "bin/tsserver"
      },
      "devDependencies": {
        "@dprint/formatter": "^0.4.1",
        "@dprint/typescript": "0.93.4",
        "@esfx/canceltoken": "^1.0.0",
        "@eslint/js": "^10.0.1",
        "@octokit/rest": "^22.0.1",
        "@types/chai": "^4.3.20",
        "@types/minimist": "^1.2.5",
        "@types/mocha": "^10.0.10",
        "@types/ms": "^2.1.0",
        "@types/node": "latest",
        "@types/source-map-support": "^0.5.10",
        "@types/which": "^3.0.4",
        "@typescript-eslint/rule-tester": "^8.56.1",
        "@typescript-eslint/type-utils": "^8.56.1",
        "@typescript-eslint/utils": "^8.56.1",
        "azure-devops-node-api": "^15.1.3",
        "c8": "^10.1.3",
        "chai": "^4.5.0",
        "chokidar": "^4.0.3",
        "diff": "^8.0.3",
        "dprint": "^0.49.1",
        "esbuild": "^0.27.3",
        "eslint": "^10.0.2",
        "eslint-plugin-regexp": "^3.0.0",
        "fast-xml-parser": "^5.4.1",
        "glob": "^10.5.0",
        "globals": "^17.4.0",
        "hereby": "^1.12.0",
        "jsonc-parser": "^3.3.1",
        "knip": "^5.85.0",
        "minimist": "^1.2.8",
        "mocha": "^10.8.2",
        "mocha-fivemat-progress-reporter": "^0.1.0",
        "monocart-coverage-reports": "^2.12.9",
        "ms": "^2.1.3",
        "picocolors": "^1.1.1",
        "playwright": "^1.58.2",
        "source-map-support": "^0.5.21",
        "tslib": "^2.8.1",
        "typescript": "^5.9.3",
        "typescript-eslint": "^8.56.1",
        "which": "^3.0.1"
      },
      "engines": {
        "node": ">=14.17"
      }
    },
    "../../node_modules/.pnpm/vite@8.3.0_@types+node@24.13.6_esbuild@0.27.3_jiti@2.7.0_terser@5.47.1_tsx@4.21.0_yaml@2.8.4/node_modules/vite": {
      "version": "8.3.0",
      "dev": true,
      "license": "MIT",
      "dependencies": {
        "lightningcss": "^1.33.0",
        "picomatch": "^4.0.7",
        "postcss": "^8.5.28",
        "rolldown": "~1.2.6",
        "tinyglobby": "^0.2.17"
      },
      "bin": {
        "vite": "bin/vite.js"
      },
      "devDependencies": {
        "@babel/parser": "^7.29.8",
        "@jridgewell/remapping": "^2.3.5",
        "@jridgewell/trace-mapping": "^0.3.31",
        "@polka/compression": "^1.0.0-next.25",
        "@rollup/plugin-alias": "^6.0.0",
        "@rollup/plugin-dynamic-import-vars": "2.1.4",
        "@rollup/pluginutils": "^5.4.0",
        "@types/escape-html": "^1.0.4",
        "@types/pnpapi": "^0.0.5",
        "@vercel/detect-agent": "^1.2.5",
        "@vitejs/devtools": "^0.7.1",
        "@vitest/utils": "4.1.11",
        "@voidzero-dev/vite-task-client": "^0.2.0",
        "artichokie": "^0.4.4",
        "baseline-browser-mapping": "^2.11.21",
        "cac": "^7.0.0",
        "chokidar": "^3.6.0",
        "connect": "^3.7.0",
        "convert-source-map": "^2.0.0",
        "cors": "^2.8.6",
        "cross-spawn": "^7.0.6",
        "dotenv-expand": "^13.0.0",
        "es-module-lexer": "^2.3.2",
        "esbuild": "^0.28.2",
        "escape-html": "^1.0.3",
        "estree-walker": "^3.0.3",
        "etag": "^1.8.1",
        "fresh-import": "^0.2.1",
        "host-validation-middleware": "^0.1.4",
        "http-proxy-3": "^1.23.3",
        "launch-editor-middleware": "^2.14.1",
        "magic-string": "^1.2.3",
        "mlly": "^1.8.2",
        "mrmime": "^2.0.1",
        "nanoid": "^5.1.16",
        "obug": "^1.0.2",
        "open": "^10.2.0",
        "parse5": "^8.0.1",
        "pathe": "^2.0.3",
        "periscopic": "^4.0.3",
        "picocolors": "^1.1.1",
        "postcss-import": "^16.2.0",
        "postcss-load-config": "^6.0.1",
        "postcss-modules": "^9.0.1",
        "premove": "^4.0.0",
        "resolve.exports": "^2.0.3",
        "rolldown-plugin-dts": "^0.28.3",
        "rollup": "^4.59.0",
        "rollup-plugin-license": "^3.7.1",
        "sass": "^1.104.0",
        "sass-embedded": "^1.104.0",
        "sirv": "^3.0.2",
        "strip-literal": "^4.0.0",
        "terser": "^5.51.2",
        "ufo": "^1.6.4",
        "ws": "^8.21.3"
      },
      "engines": {
        "node": "^20.19.0 || >=22.12.0"
      },
      "funding": {
        "url": "https://github.com/vitejs/vite?sponsor=1"
      },
      "optionalDependencies": {
        "fsevents": "~2.3.3"
      },
      "peerDependencies": {
        "@types/node": "^20.19.0 || >=22.12.0",
        "@vitejs/devtools": "^0.7.1",
        "esbuild": "^0.27.0 || ^0.28.0",
        "jiti": ">=1.21.0",
        "less": "^4.0.0",
        "sass": "^1.70.0",
        "sass-embedded": "^1.70.0",
        "stylus": ">=0.54.8",
        "sugarss": "^5.0.0",
        "terser": "^5.16.0",
        "tsx": "^4.8.1",
        "yaml": "^2.4.2"
      },
      "peerDependenciesMeta": {
        "@types/node": {
          "optional": true
        },
        "@vitejs/devtools": {
          "optional": true
        },
        "esbuild": {
          "optional": true
        },
        "jiti": {
          "optional": true
        },
        "less": {
          "optional": true
        },
        "sass": {
          "optional": true
        },
        "sass-embedded": {
          "optional": true
        },
        "stylus": {
          "optional": true
        },
        "sugarss": {
          "optional": true
        },
        "terser": {
          "optional": true
        },
        "tsx": {
          "optional": true
        },
        "yaml": {
          "optional": true
        }
      }
    },
    "node_modules/@eslint/js": {
      "resolved": "../../node_modules/.pnpm/@eslint+js@10.0.1_eslint@10.11.0_jiti@2.7.0_/node_modules/@eslint/js",
      "link": true
    },
    "node_modules/@supabase/supabase-js": {
      "resolved": "../../node_modules/.pnpm/@supabase+supabase-js@2.110.1/node_modules/@supabase/supabase-js",
      "link": true
    },
    "node_modules/@types/node": {
      "resolved": "../../node_modules/.pnpm/@types+node@24.13.6/node_modules/@types/node",
      "link": true
    },
    "node_modules/@types/react": {
      "resolved": "../../node_modules/.pnpm/@types+react@19.2.18/node_modules/@types/react",
      "link": true
    },
    "node_modules/@types/react-dom": {
      "resolved": "../../node_modules/.pnpm/@types+react-dom@19.2.7_@types+react@19.2.18/node_modules/@types/react-dom",
      "link": true
    },
    "node_modules/@vitejs/plugin-react": {
      "resolved": "../../node_modules/.pnpm/@vitejs+plugin-react@6.1.1_babel-plugin-react-compiler@1.0.0_vite@8.3.0_@types+node@24._88b7dd41eb8335e782965f8fb6af55e8/node_modules/@vitejs/plugin-react",
      "link": true
    },
    "node_modules/eslint": {
      "resolved": "../../node_modules/.pnpm/eslint@10.11.0_jiti@2.7.0/node_modules/eslint",
      "link": true
    },
    "node_modules/eslint-plugin-react-hooks": {
      "resolved": "../../node_modules/.pnpm/eslint-plugin-react-hooks@7.1.1_eslint@10.11.0_jiti@2.7.0_/node_modules/eslint-plugin-react-hooks",
      "link": true
    },
    "node_modules/eslint-plugin-react-refresh": {
      "resolved": "../../node_modules/.pnpm/eslint-plugin-react-refresh@0.5.7_eslint@10.11.0_jiti@2.7.0_/node_modules/eslint-plugin-react-refresh",
      "link": true
    },
    "node_modules/globals": {
      "resolved": "../../node_modules/.pnpm/globals@17.12.0/node_modules/globals",
      "link": true
    },
    "node_modules/lucide-react": {
      "resolved": "../../node_modules/.pnpm/lucide-react@0.545.0_react@19.3.0/node_modules/lucide-react",
      "link": true
    },
    "node_modules/react": {
      "resolved": "../../node_modules/.pnpm/react@19.3.0/node_modules/react",
      "link": true
    },
    "node_modules/react-dom": {
      "resolved": "../../node_modules/.pnpm/react-dom@19.3.0_react@19.3.0/node_modules/react-dom",
      "link": true
    },
    "node_modules/recharts": {
      "resolved": "../../node_modules/.pnpm/recharts@2.15.4_react-dom@19.3.0_react@19.3.0__react@19.3.0/node_modules/recharts",
      "link": true
    },
    "node_modules/typescript": {
      "resolved": "../../node_modules/.pnpm/typescript@6.0.3/node_modules/typescript",
      "link": true
    },
    "node_modules/typescript-eslint": {
      "resolved": "../../node_modules/.pnpm/typescript-eslint@8.70.0_eslint@10.11.0_jiti@2.7.0__typescript@6.0.3/node_modules/typescript-eslint",
      "link": true
    },
    "node_modules/vite": {
      "resolved": "../../node_modules/.pnpm/vite@8.3.0_@types+node@24.13.6_esbuild@0.27.3_jiti@2.7.0_terser@5.47.1_tsx@4.21.0_yaml@2.8.4/node_modules/vite",
      "link": true
    }
  }
}
